PackratFormat: 1.4
PackratVersion: 0.4.1.1
RVersion: 3.2.0
Repos: CRAN=http://cran.ms.unimelb.edu.au,
    BioCsoft=http://bioconductor.org/packages/3.1/bioc,
    BioCann=http://bioconductor.org/packages/3.1/data/annotation,
    BioCexp=http://bioconductor.org/packages/3.1/data/experiment,
    BioCextra=http://bioconductor.org/packages/3.1/extra

Package: AnnotationDbi
Source: Bioconductor
Version: 1.29.12
Hash: cb6dd486a50305e8c545605a2226aaab
Requires: Biobase, BiocGenerics, DBI, GenomeInfoDb, RSQLite, S4Vectors

Package: Biobase
Source: Bioconductor
Version: 2.27.1
Hash: c9d3d3fb35e6b1b72130fa3cbda13439
Requires: BiocGenerics

Package: BiocGenerics
Source: Bioconductor
Version: 0.13.4
Hash: 6ee15a72fc3752a1d45b0a5df98776c1

Package: BiocInstaller
Source: Bioconductor
Version: 1.17.3
Hash: 1fb26e94226f1b0156b45ddfcec88c90

Package: BiocStyle
Source: Bioconductor
Version: 1.5.3
Hash: 17e24e2c829809acf0c9aaa794e600aa

Package: bitops
Source: CRAN
Version: 1.0-6
Hash: cb26464a8321628636b547518994c931

Package: boot
Source: CRAN
Version: 1.3-13
Hash: b7cbc3fb6573c85e242ca825c1e3e875

Package: brew
Source: CRAN
Version: 1.0-6
Hash: 9d92cc5ac60123fdb7b0daa3ae83bf99

Package: caTools
Source: CRAN
Version: 1.17.1
Hash: bb5fdc266f716b8a289a4f92007d53e3
Requires: bitops

Package: chron
Source: CRAN
Version: 2.3-45
Hash: 65cf73bf43c26a4578bb251499de38cd

Package: class
Source: CRAN
Version: 7.3-11
Hash: 42a1ffd587092f98b7c2d5e2a9fca18b

Package: cluster
Source: CRAN
Version: 1.15.3
Hash: 1b770a6153049f0078bb7cd809825dc6

Package: codetools
Source: CRAN
Version: 0.2-9
Hash: b50ffdf434d3154c35b7183fdca87909

Package: colorspace
Source: CRAN
Version: 1.2-4
Hash: b775bd08a10f968fef582304b7c3ab9c

Package: data.table
Source: CRAN
Version: 1.9.4
Hash: 905b6356d387a3a7e13ef62c4cf6f7e3
Requires: chron, reshape2

Package: DBI
Source: CRAN
Version: 0.3.1
Hash: 3a9e85b26ec3ab570266bccb3f9de055

Package: devtools
Source: CRAN
Version: 1.6.1
Hash: e3096b832604a7a36ff0a6455e5cdddc
Requires: digest, evaluate, httr, jsonlite, memoise, RCurl, rstudioapi,
    whisker

Package: dichromat
Source: CRAN
Version: 2.0-0
Hash: 42be2136555fa4b6167605df56d8cd7c

Package: digest
Source: CRAN
Version: 0.6.4
Hash: e4bf0e79b15a352510aff0de905d31e2

Package: evaluate
Source: CRAN
Version: 0.5.5
Hash: 20881970e590ee68de97a468694db7b0
Requires: stringr

Package: foreign
Source: CRAN
Version: 0.8-61
Hash: 0beba5c531f25fc53f4b55b3688ac523

Package: formatR
Source: CRAN
Version: 1.0
Hash: a90c211d7df7e61a72b8ab6c99c2e848

Package: GenomeInfoDb
Source: Bioconductor
Version: 1.3.12
Hash: 6c7335028b33fb7296f50c7cb5ec2b27
Requires: BiocGenerics, IRanges, S4Vectors

Package: GenomicRanges
Source: Bioconductor
Version: 1.19.32
Hash: f2cd3b325bc48bed6a558396eda08911
Requires: BiocGenerics, GenomeInfoDb, IRanges, S4Vectors, XVector

Package: ggplot2
Source: CRAN
Version: 1.0.0
Hash: c8bff66238347472f08b6a35608539ff
Requires: digest, gtable, plyr, proto, reshape2, scales

Package: gtable
Source: CRAN
Version: 0.1.2
Hash: 0cf4a2b54c02b35dec7e74a8ebed12a0

Package: highr
Source: CRAN
Version: 0.3
Hash: 7c85a9b7d07a75e2d8ca74f9467fee21

Package: htmltools
Source: CRAN
Version: 0.2.6
Hash: 2c87108d130de261ac3c468d3316ae42
Requires: digest

Package: httr
Source: CRAN
Version: 0.3
Hash: 7f02277955c17eccad6436240597d149
Requires: digest, RCurl, stringr

Package: IRanges
Source: Bioconductor
Version: 2.1.35
Hash: 3c1492e6e6bf7abe76f27afd2920facd
Requires: BiocGenerics, S4Vectors

Package: jsonlite
Source: CRAN
Version: 0.9.7
Hash: 7530706bb4b36538aebd9e9b6880d82c

Package: KernSmooth
Source: CRAN
Version: 2.23-13
Hash: 70c881faa0bbe6522d1a20137dc2fb4f

Package: knitr
Source: CRAN
Version: 1.8
Hash: d00d7b314ca4c34f8a56ceacefb31b4f
Requires: digest, evaluate, formatR, highr, markdown, stringr

Package: labeling
Source: CRAN
Version: 0.3
Hash: 568a992912caf7eeddfb121924154047

Package: markdown
Source: CRAN
Version: 0.7
Hash: abb6bfa9a1fc3763de292018a22b7d98
Requires: mime

Package: memoise
Source: CRAN
Version: 0.2.1
Hash: fc52fa39dfd216c44d64812ff31b1c67
Requires: digest

Package: mgcv
Source: CRAN
Version: 1.8-3
Hash: 623a50839d07264cb8ca0b1497003671
Requires: nlme

Package: microbenchmark
Source: CRAN
Version: 1.4-2
Hash: 658f0ab7fa41ec9c3187ffef516d6c4e
Requires: ggplot2

Package: mime
Source: CRAN
Version: 0.2
Hash: 9179db921fcb2e5be44e217042ed06bc

Package: munsell
Source: CRAN
Version: 0.4.2
Hash: fa8af6d040041439b249351e9d16ae9a
Requires: colorspace

Package: nlme
Source: CRAN
Version: 3.1-118
Hash: 3fd2094b45cfb046273da6917e16536b

Package: nnet
Source: CRAN
Version: 7.3-8
Hash: f04b41e75f1e25392acdaae59e6d3d4c

Package: packrat
Source: CRAN
Version: 0.4.1-1
Hash: 5716097644904b9c1b4be2692de16005

Package: plyr
Source: CRAN
Version: 1.8.1
Hash: 6a287219196e18bc6261dc11b41b1ca0
Requires: Rcpp

Package: proto
Source: CRAN
Version: 0.3-10
Hash: 668a9e87cedbdc5f56c396edf1bd2648

Package: rbenchmark
Source: CRAN
Version: 1.0.0
Hash: 5fffc14ff0c3ebac0e6cdc06091c0c16

Package: RColorBrewer
Source: CRAN
Version: 1.0-5
Hash: 6a849b729bec970204ca88b96906adbc

Package: Rcpp
Source: CRAN
Version: 0.11.3
Hash: d9cc0a13885961b2d004cf73b0fb68dd

Package: RCurl
Source: CRAN
Version: 1.95-4.3
Hash: 158377109f939084a72f240125f821d3
Requires: bitops

Package: reshape2
Source: CRAN
Version: 1.4
Hash: e50809918ebb73dff47de17d36d12975
Requires: plyr, Rcpp, stringr

Package: rmarkdown
Source: github
Version: 0.3.10
Hash: b96214b9ac86b437067a0aa21442203f52face83
Requires: caTools, htmltools, knitr, yaml
GithubRepo: rmarkdown
GithubUsername: rstudio
GithubRef: v0.98.1000
GithubSha1: b96214b9ac86b437067a0aa21442203f52face83

Package: roxygen2
Source: CRAN
Version: 4.0.0
Hash: 70cf3031435ab9c7cf8c9c67ffa2cf4a
Requires: brew, digest, Rcpp, stringr

Package: rpart
Source: CRAN
Version: 4.1-8
Hash: de3c05e8706015c57e6b0d6843b269d8

Package: RSQLite
Source: CRAN
Version: 1.0.0
Hash: 6ec4dc154e68485971a5baf3817e61a8
Requires: DBI

Package: rstudioapi
Source: CRAN
Version: 0.1
Hash: 5bd4449a873ec652a05c932312dcf04b

Package: S4Vectors
Source: Bioconductor
Version: 0.5.16
Hash: 8ea1fd3ec5cd80889e55eb7046df07c4
Requires: BiocGenerics

Package: scales
Source: CRAN
Version: 0.2.4
Hash: b8b1af97bd07818605223060386b00dd
Requires: dichromat, labeling, munsell, plyr, RColorBrewer

Package: spatial
Source: CRAN
Version: 7.3-8
Hash: cc151a410f86e2a7d4ba4473733a077e

Package: stringr
Source: CRAN
Version: 0.6.2
Hash: cdde0cfa0f52cffeaca23a11a3899779

Package: testthat
Source: CRAN
Version: 0.8.1
Hash: f296283e62e2ff299efa01e26cfc3eb1
Requires: digest

Package: whisker
Source: CRAN
Version: 0.3-2
Hash: 186ab2937fec1694c8a63009a2389c4e

Package: XVector
Source: Bioconductor
Version: 0.7.3
Hash: f7d74cbd25bbaa6427c70c29b0d9e580
Requires: BiocGenerics, IRanges, S4Vectors

Package: yaml
Source: CRAN
Version: 2.1.13
Hash: e5d041c001f6d641fd009c1f6ef7d831
